
Microsoft Visual Studio Solution File, Format Version 12.00
# Visual Studio Version 16
VisualStudioVersion = 16.0.31424.327
MinimumVisualStudioVersion = 10.0.40219.1
Project("{FAE04EC0-301F-11D3-BF4B-00C04F79EFBC}") = "IT213_Douglass_Unit3", "IT213_Douglass_Unit3\IT213_Douglass_Unit3.csproj", "{9140F0DE-2C29-4459-908B-F96BF25D1789}"
EndProject
Global
	GlobalSection(SolutionConfigurationPlatforms) = preSolution
		Debug|Any CPU = Debug|Any CPU
		Release|Any CPU = Release|Any CPU
	EndGlobalSection
	GlobalSection(ProjectConfigurationPlatforms) = postSolution
		{9140F0DE-2C29-4459-908B-F96BF25D1789}.Debug|Any CPU.ActiveCfg = Debug|Any CPU
		{9140F0DE-2C29-4459-908B-F96BF25D1789}.Debug|Any CPU.Build.0 = Debug|Any CPU
		{9140F0DE-2C29-4459-908B-F96BF25D1789}.Release|Any CPU.ActiveCfg = Release|Any CPU
		{9140F0DE-2C29-4459-908B-F96BF25D1789}.Release|Any CPU.Build.0 = Release|Any CPU
	EndGlobalSection
	GlobalSection(SolutionProperties) = preSolution
		HideSolutionNode = FALSE
	EndGlobalSection
	GlobalSection(ExtensibilityGlobals) = postSolution
		SolutionGuid = {05556B40-1CEF-46B3-99D6-B42D51D21CE3}
	EndGlobalSection
EndGlobal
